
Microsoft Visual Studio Solution File, Format Version 12.00
# Visual Studio Version 16
VisualStudioVersion = 16.0.30011.22
MinimumVisualStudioVersion = 10.0.40219.1
Project("{9A19103F-16F7-4668-BE54-9A1E7A4F7556}") = "ConsumeAPIData", "ConsumeAPIData.csproj", "{F461BCE3-A542-4F89-89C1-B662A5680147}"
EndProject
Project("{2150E333-8FDC-42A3-9474-1A3956D46DE8}") = "Solution Items", "Solution Items", "{FFFF20D2-5908-4003-9E9C-DB5D3B30DB6C}"
	ProjectSection(SolutionItems) = preProject
		.editorconfig = .editorconfig
	EndProjectSection
EndProject
Global
	GlobalSection(SolutionConfigurationPlatforms) = preSolution
		Debug|Any CPU = Debug|Any CPU
		Release|Any CPU = Release|Any CPU
	EndGlobalSection
	GlobalSection(ProjectConfigurationPlatforms) = postSolution
		{F461BCE3-A542-4F89-89C1-B662A5680147}.Debug|Any CPU.ActiveCfg = Debug|Any CPU
		{F461BCE3-A542-4F89-89C1-B662A5680147}.Debug|Any CPU.Build.0 = Debug|Any CPU
		{F461BCE3-A542-4F89-89C1-B662A5680147}.Release|Any CPU.ActiveCfg = Release|Any CPU
		{F461BCE3-A542-4F89-89C1-B662A5680147}.Release|Any CPU.Build.0 = Release|Any CPU
	EndGlobalSection
	GlobalSection(SolutionProperties) = preSolution
		HideSolutionNode = FALSE
	EndGlobalSection
	GlobalSection(ExtensibilityGlobals) = postSolution
		SolutionGuid = {67B3DF7B-8106-44FB-83F3-3D82105F5F62}
	EndGlobalSection
EndGlobal
